// !$*UTF8*$!
{
	archiveVersion = 1;
	classes = {
	};
	objectVersion = 56;
	objects = {

/* Begin PBXBuildFile section */
		C14404F4290ADDAA00F373A3 /* RandomPhotoViewController.swift in Sources */ = {isa = PBXBuildFile; fileRef = C14404F3290ADDAA00F373A3 /* RandomPhotoViewController.swift */; };
		C14404F6290AE36E00F373A3 /* RandomPhotoViewModel.swift in Sources */ = {isa = PBXBuildFile; fileRef = C14404F5290AE36E00F373A3 /* RandomPhotoViewModel.swift */; };
		C14404FB290BB6F600F373A3 /* .gitignore in Resources */ = {isa = PBXBuildFile; fileRef = C14404FA290BB6F600F373A3 /* .gitignore */; };
		C14404FD290BB74C00F373A3 /* APIKey.swift in Sources */ = {isa = PBXBuildFile; fileRef = C14404FC290BB74C00F373A3 /* APIKey.swift */; };
		C1440500290BBA8500F373A3 /* APIService.swift in Sources */ = {isa = PBXBuildFile; fileRef = C14404FF290BBA8500F373A3 /* APIService.swift */; };
		C1440502290BBC6E00F373A3 /* CObservable.swift in Sources */ = {isa = PBXBuildFile; fileRef = C1440501290BBC6E00F373A3 /* CObservable.swift */; };
		C1440505290BBDC400F373A3 /* Alamofire in Frameworks */ = {isa = PBXBuildFile; productRef = C1440504290BBDC400F373A3 /* Alamofire */; };
		C1440508290BBDF600F373A3 /* Kingfisher in Frameworks */ = {isa = PBXBuildFile; productRef = C1440507290BBDF600F373A3 /* Kingfisher */; };
		C144050B290BC93A00F373A3 /* SnapKit in Frameworks */ = {isa = PBXBuildFile; productRef = C144050A290BC93A00F373A3 /* SnapKit */; };
		C144050D290BCDD200F373A3 /* RandomPhotos.swift in Sources */ = {isa = PBXBuildFile; fileRef = C144050C290BCDD200F373A3 /* RandomPhotos.swift */; };
		C1440510290BDB8D00F373A3 /* SwiftyJSON in Frameworks */ = {isa = PBXBuildFile; productRef = C144050F290BDB8D00F373A3 /* SwiftyJSON */; };
		C1CCDEC129011B0100FF4ECE /* AppDelegate.swift in Sources */ = {isa = PBXBuildFile; fileRef = C1CCDEC029011B0100FF4ECE /* AppDelegate.swift */; };
		C1CCDEC329011B0100FF4ECE /* SceneDelegate.swift in Sources */ = {isa = PBXBuildFile; fileRef = C1CCDEC229011B0100FF4ECE /* SceneDelegate.swift */; };
		C1CCDEC529011B0100FF4ECE /* ViewController.swift in Sources */ = {isa = PBXBuildFile; fileRef = C1CCDEC429011B0100FF4ECE /* ViewController.swift */; };
		C1CCDEC829011B0100FF4ECE /* Main.storyboard in Resources */ = {isa = PBXBuildFile; fileRef = C1CCDEC629011B0100FF4ECE /* Main.storyboard */; };
		C1CCDECA29011B0100FF4ECE /* Assets.xcassets in Resources */ = {isa = PBXBuildFile; fileRef = C1CCDEC929011B0100FF4ECE /* Assets.xcassets */; };
		C1CCDECD29011B0100FF4ECE /* LaunchScreen.storyboard in Resources */ = {isa = PBXBuildFile; fileRef = C1CCDECB29011B0100FF4ECE /* LaunchScreen.storyboard */; };
		C1D6314D290F49C0002B7C02 /* RxCocoa in Frameworks */ = {isa = PBXBuildFile; productRef = C1D6314C290F49C0002B7C02 /* RxCocoa */; };
		C1D6314F290F49C0002B7C02 /* RxSwift in Frameworks */ = {isa = PBXBuildFile; productRef = C1D6314E290F49C0002B7C02 /* RxSwift */; };
/* End PBXBuildFile section */

/* Begin PBXFileReference section */
		C14404F3290ADDAA00F373A3 /* RandomPhotoViewController.swift */ = {isa = PBXFileReference; lastKnownFileType = sourcecode.swift; path = RandomPhotoViewController.swift; sourceTree = "<group>"; };
		C14404F5290AE36E00F373A3 /* RandomPhotoViewModel.swift */ = {isa = PBXFileReference; lastKnownFileType = sourcecode.swift; path = RandomPhotoViewModel.swift; sourceTree = "<group>"; };
		C14404FA290BB6F600F373A3 /* .gitignore */ = {isa = PBXFileReference; lastKnownFileType = text; path = .gitignore; sourceTree = "<group>"; };
		C14404FC290BB74C00F373A3 /* APIKey.swift */ = {isa = PBXFileReference; lastKnownFileType = sourcecode.swift; path = APIKey.swift; sourceTree = "<group>"; };
		C14404FF290BBA8500F373A3 /* APIService.swift */ = {isa = PBXFileReference; lastKnownFileType = sourcecode.swift; path = APIService.swift; sourceTree = "<group>"; };
		C1440501290BBC6E00F373A3 /* CObservable.swift */ = {isa = PBXFileReference; lastKnownFileType = sourcecode.swift; path = CObservable.swift; sourceTree = "<group>"; };
		C144050C290BCDD200F373A3 /* RandomPhotos.swift */ = {isa = PBXFileReference; lastKnownFileType = sourcecode.swift; path = RandomPhotos.swift; sourceTree = "<group>"; };
		C1CCDEBD29011B0100FF4ECE /* UnsplashProject.app */ = {isa = PBXFileReference; explicitFileType = wrapper.application; includeInIndex = 0; path = UnsplashProject.app; sourceTree = BUILT_PRODUCTS_DIR; };
		C1CCDEC029011B0100FF4ECE /* AppDelegate.swift */ = {isa = PBXFileReference; lastKnownFileType = sourcecode.swift; path = AppDelegate.swift; sourceTree = "<group>"; };
		C1CCDEC229011B0100FF4ECE /* SceneDelegate.swift */ = {isa = PBXFileReference; lastKnownFileType = sourcecode.swift; path = SceneDelegate.swift; sourceTree = "<group>"; };
		C1CCDEC429011B0100FF4ECE /* ViewController.swift */ = {isa = PBXFileReference; lastKnownFileType = sourcecode.swift; path = ViewController.swift; sourceTree = "<group>"; };
		C1CCDEC729011B0100FF4ECE /* Base */ = {isa = PBXFileReference; lastKnownFileType = file.storyboard; name = Base; path = Base.lproj/Main.storyboard; sourceTree = "<group>"; };
		C1CCDEC929011B0100FF4ECE /* Assets.xcassets */ = {isa = PBXFileReference; lastKnownFileType = folder.assetcatalog; path = Assets.xcassets; sourceTree = "<group>"; };
		C1CCDECC29011B0100FF4ECE /* Base */ = {isa = PBXFileReference; lastKnownFileType = file.storyboard; name = Base; path = Base.lproj/LaunchScreen.storyboard; sourceTree = "<group>"; };
		C1CCDECE29011B0100FF4ECE /* Info.plist */ = {isa = PBXFileReference; lastKnownFileType = text.plist.xml; path = Info.plist; sourceTree = "<group>"; };
/* End PBXFileReference section */

/* Begin PBXFrameworksBuildPhase section */
		C1CCDEBA29011B0100FF4ECE /* Frameworks */ = {
			isa = PBXFrameworksBuildPhase;
			buildActionMask = 2147483647;
			files = (
				C1D6314F290F49C0002B7C02 /* RxSwift in Frameworks */,
				C144050B290BC93A00F373A3 /* SnapKit in Frameworks */,
				C1440508290BBDF600F373A3 /* Kingfisher in Frameworks */,
				C1D6314D290F49C0002B7C02 /* RxCocoa in Frameworks */,
				C1440510290BDB8D00F373A3 /* SwiftyJSON in Frameworks */,
				C1440505290BBDC400F373A3 /* Alamofire in Frameworks */,
			);
			runOnlyForDeploymentPostprocessing = 0;
		};
/* End PBXFrameworksBuildPhase section */

/* Begin PBXGroup section */
		C14404F2290ADC9E00F373A3 /* RandomPhoto */ = {
			isa = PBXGroup;
			children = (
				C14404F3290ADDAA00F373A3 /* RandomPhotoViewController.swift */,
				C14404F5290AE36E00F373A3 /* RandomPhotoViewModel.swift */,
				C144050C290BCDD200F373A3 /* RandomPhotos.swift */,
			);
			path = RandomPhoto;
			sourceTree = "<group>";
		};
		C14404FE290BBA3800F373A3 /* Network */ = {
			isa = PBXGroup;
			children = (
				C14404FF290BBA8500F373A3 /* APIService.swift */,
			);
			path = Network;
			sourceTree = "<group>";
		};
		C1CCDEB429011B0100FF4ECE = {
			isa = PBXGroup;
			children = (
				C14404FA290BB6F600F373A3 /* .gitignore */,
				C1CCDEBF29011B0100FF4ECE /* UnsplashProject */,
				C1CCDEBE29011B0100FF4ECE /* Products */,
			);
			sourceTree = "<group>";
		};
		C1CCDEBE29011B0100FF4ECE /* Products */ = {
			isa = PBXGroup;
			children = (
				C1CCDEBD29011B0100FF4ECE /* UnsplashProject.app */,
			);
			name = Products;
			sourceTree = "<group>";
		};
		C1CCDEBF29011B0100FF4ECE /* UnsplashProject */ = {
			isa = PBXGroup;
			children = (
				C14404FE290BBA3800F373A3 /* Network */,
				C14404F2290ADC9E00F373A3 /* RandomPhoto */,
				C1CCDEC029011B0100FF4ECE /* AppDelegate.swift */,
				C1CCDEC229011B0100FF4ECE /* SceneDelegate.swift */,
				C1CCDEC429011B0100FF4ECE /* ViewController.swift */,
				C1CCDEC629011B0100FF4ECE /* Main.storyboard */,
				C1CCDEC929011B0100FF4ECE /* Assets.xcassets */,
				C1CCDECB29011B0100FF4ECE /* LaunchScreen.storyboard */,
				C1CCDECE29011B0100FF4ECE /* Info.plist */,
				C14404FC290BB74C00F373A3 /* APIKey.swift */,
				C1440501290BBC6E00F373A3 /* CObservable.swift */,
			);
			path = UnsplashProject;
			sourceTree = "<group>";
		};
/* End PBXGroup section */

/* Begin PBXNativeTarget section */
		C1CCDEBC29011B0100FF4ECE /* UnsplashProject */ = {
			isa = PBXNativeTarget;
			buildConfigurationList = C1CCDED129011B0100FF4ECE /* Build configuration list for PBXNativeTarget "UnsplashProject" */;
			buildPhases = (
				C1CCDEB929011B0100FF4ECE /* Sources */,
				C1CCDEBA29011B0100FF4ECE /* Frameworks */,
				C1CCDEBB29011B0100FF4ECE /* Resources */,
			);
			buildRules = (
			);
			dependencies = (
			);
			name = UnsplashProject;
			packageProductDependencies = (
				C1440504290BBDC400F373A3 /* Alamofire */,
				C1440507290BBDF600F373A3 /* Kingfisher */,
				C144050A290BC93A00F373A3 /* SnapKit */,
				C144050F290BDB8D00F373A3 /* SwiftyJSON */,
				C1D6314C290F49C0002B7C02 /* RxCocoa */,
				C1D6314E290F49C0002B7C02 /* RxSwift */,
			);
			productName = UnsplashProject;
			productReference = C1CCDEBD29011B0100FF4ECE /* UnsplashProject.app */;
			productType = "com.apple.product-type.application";
		};
/* End PBXNativeTarget section */

/* Begin PBXProject section */
		C1CCDEB529011B0100FF4ECE /* Project object */ = {
			isa = PBXProject;
			attributes = {
				BuildIndependentTargetsInParallel = 1;
				LastSwiftUpdateCheck = 1400;
				LastUpgradeCheck = 1400;
				TargetAttributes = {
					C1CCDEBC29011B0100FF4ECE = {
						CreatedOnToolsVersion = 14.0.1;
					};
				};
			};
			buildConfigurationList = C1CCDEB829011B0100FF4ECE /* Build configuration list for PBXProject "UnsplashProject" */;
			compatibilityVersion = "Xcode 14.0";
			developmentRegion = en;
			hasScannedForEncodings = 0;
			knownRegions = (
				en,
				Base,
			);
			mainGroup = C1CCDEB429011B0100FF4ECE;
			packageReferences = (
				C1440503290BBDC400F373A3 /* XCRemoteSwiftPackageReference "Alamofire" */,
				C1440506290BBDF600F373A3 /* XCRemoteSwiftPackageReference "Kingfisher" */,
				C1440509290BC93A00F373A3 /* XCRemoteSwiftPackageReference "SnapKit" */,
				C144050E290BDB8D00F373A3 /* XCRemoteSwiftPackageReference "SwiftyJSON" */,
				C1D6314B290F49C0002B7C02 /* XCRemoteSwiftPackageReference "RxSwift" */,
			);
			productRefGroup = C1CCDEBE29011B0100FF4ECE /* Products */;
			projectDirPath = "";
			projectRoot = "";
			targets = (
				C1CCDEBC29011B0100FF4ECE /* UnsplashProject */,
			);
		};
/* End PBXProject section */

/* Begin PBXResourcesBuildPhase section */
		C1CCDEBB29011B0100FF4ECE /* Resources */ = {
			isa = PBXResourcesBuildPhase;
			buildActionMask = 2147483647;
			files = (
				C14404FB290BB6F600F373A3 /* .gitignore in Resources */,
				C1CCDECD29011B0100FF4ECE /* LaunchScreen.storyboard in Resources */,
				C1CCDECA29011B0100FF4ECE /* Assets.xcassets in Resources */,
				C1CCDEC829011B0100FF4ECE /* Main.storyboard in Resources */,
			);
			runOnlyForDeploymentPostprocessing = 0;
		};
/* End PBXResourcesBuildPhase section */

/* Begin PBXSourcesBuildPhase section */
		C1CCDEB929011B0100FF4ECE /* Sources */ = {
			isa = PBXSourcesBuildPhase;
			buildActionMask = 2147483647;
			files = (
				C1440502290BBC6E00F373A3 /* CObservable.swift in Sources */,
				C14404F6290AE36E00F373A3 /* RandomPhotoViewModel.swift in Sources */,
				C14404FD290BB74C00F373A3 /* APIKey.swift in Sources */,
				C14404F4290ADDAA00F373A3 /* RandomPhotoViewController.swift in Sources */,
				C1CCDEC529011B0100FF4ECE /* ViewController.swift in Sources */,
				C1CCDEC129011B0100FF4ECE /* AppDelegate.swift in Sources */,
				C144050D290BCDD200F373A3 /* RandomPhotos.swift in Sources */,
				C1440500290BBA8500F373A3 /* APIService.swift in Sources */,
				C1CCDEC329011B0100FF4ECE /* SceneDelegate.swift in Sources */,
			);
			runOnlyForDeploymentPostprocessing = 0;
		};
/* End PBXSourcesBuildPhase section */

/* Begin PBXVariantGroup section */
		C1CCDEC629011B0100FF4ECE /* Main.storyboard */ = {
			isa = PBXVariantGroup;
			children = (
				C1CCDEC729011B0100FF4ECE /* Base */,
			);
			name = Main.storyboard;
			sourceTree = "<group>";
		};
		C1CCDECB29011B0100FF4ECE /* LaunchScreen.storyboard */ = {
			isa = PBXVariantGroup;
			children = (
				C1CCDECC29011B0100FF4ECE /* Base */,
			);
			name = LaunchScreen.storyboard;
			sourceTree = "<group>";
		};
/* End PBXVariantGroup section */

/* Begin XCBuildConfiguration section */
		C1CCDECF29011B0100FF4ECE /* Debug */ = {
			isa = XCBuildConfiguration;
			buildSettings = {
				ALWAYS_SEARCH_USER_PATHS = NO;
				CLANG_ANALYZER_NONNULL = YES;
				CLANG_ANALYZER_NUMBER_OBJECT_CONVERSION = YES_AGGRESSIVE;
				CLANG_CXX_LANGUAGE_STANDARD = "gnu++20";
				CLANG_ENABLE_MODULES = YES;
				CLANG_ENABLE_OBJC_ARC = YES;
				CLANG_ENABLE_OBJC_WEAK = YES;
				CLANG_WARN_BLOCK_CAPTURE_AUTORELEASING = YES;
				CLANG_WARN_BOOL_CONVERSION = YES;
				CLANG_WARN_COMMA = YES;
				CLANG_WARN_CONSTANT_CONVERSION = YES;
				CLANG_WARN_DEPRECATED_OBJC_IMPLEMENTATIONS = YES;
				CLANG_WARN_DIRECT_OBJC_ISA_USAGE = YES_ERROR;
				CLANG_WARN_DOCUMENTATION_COMMENTS = YES;
				CLANG_WARN_EMPTY_BODY = YES;
				CLANG_WARN_ENUM_CONVERSION = YES;
				CLANG_WARN_INFINITE_RECURSION = YES;
				CLANG_WARN_INT_CONVERSION = YES;
				CLANG_WARN_NON_LITERAL_NULL_CONVERSION = YES;
				CLANG_WARN_OBJC_IMPLICIT_RETAIN_SELF = YES;
				CLANG_WARN_OBJC_LITERAL_CONVERSION = YES;
				CLANG_WARN_OBJC_ROOT_CLASS = YES_ERROR;
				CLANG_WARN_QUOTED_INCLUDE_IN_FRAMEWORK_HEADER = YES;
				CLANG_WARN_RANGE_LOOP_ANALYSIS = YES;
				CLANG_WARN_STRICT_PROTOTYPES = YES;
				CLANG_WARN_SUSPICIOUS_MOVE = YES;
				CLANG_WARN_UNGUARDED_AVAILABILITY = YES_AGGRESSIVE;
				CLANG_WARN_UNREACHABLE_CODE = YES;
				CLANG_WARN__DUPLICATE_METHOD_MATCH = YES;
				COPY_PHASE_STRIP = NO;
				DEBUG_INFORMATION_FORMAT = dwarf;
				ENABLE_STRICT_OBJC_MSGSEND = YES;
				ENABLE_TESTABILITY = YES;
				GCC_C_LANGUAGE_STANDARD = gnu11;
				GCC_DYNAMIC_NO_PIC = NO;
				GCC_NO_COMMON_BLOCKS = YES;
				GCC_OPTIMIZATION_LEVEL = 0;
				GCC_PREPROCESSOR_DEFINITIONS = (
					"DEBUG=1",
					"$(inherited)",
				);
				GCC_WARN_64_TO_32_BIT_CONVERSION = YES;
				GCC_WARN_ABOUT_RETURN_TYPE = YES_ERROR;
				GCC_WARN_UNDECLARED_SELECTOR = YES;
				GCC_WARN_UNINITIALIZED_AUTOS = YES_AGGRESSIVE;
				GCC_WARN_UNUSED_FUNCTION = YES;
				GCC_WARN_UNUSED_VARIABLE = YES;
				IPHONEOS_DEPLOYMENT_TARGET = 16.0;
				MTL_ENABLE_DEBUG_INFO = INCLUDE_SOURCE;
				MTL_FAST_MATH = YES;
				ONLY_ACTIVE_ARCH = YES;
				SDKROOT = iphoneos;
				SWIFT_ACTIVE_COMPILATION_CONDITIONS = DEBUG;
				SWIFT_OPTIMIZATION_LEVEL = "-Onone";
			};
			name = Debug;
		};
		C1CCDED029011B0100FF4ECE /* Release */ = {
			isa = XCBuildConfiguration;
			buildSettings = {
				ALWAYS_SEARCH_USER_PATHS = NO;
				CLANG_ANALYZER_NONNULL = YES;
				CLANG_ANALYZER_NUMBER_OBJECT_CONVERSION = YES_AGGRESSIVE;
				CLANG_CXX_LANGUAGE_STANDARD = "gnu++20";
				CLANG_ENABLE_MODULES = YES;
				CLANG_ENABLE_OBJC_ARC = YES;
				CLANG_ENABLE_OBJC_WEAK = YES;
				CLANG_WARN_BLOCK_CAPTURE_AUTORELEASING = YES;
				CLANG_WARN_BOOL_CONVERSION = YES;
				CLANG_WARN_COMMA = YES;
				CLANG_WARN_CONSTANT_CONVERSION = YES;
				CLANG_WARN_DEPRECATED_OBJC_IMPLEMENTATIONS = YES;
				CLANG_WARN_DIRECT_OBJC_ISA_USAGE = YES_ERROR;
				CLANG_WARN_DOCUMENTATION_COMMENTS = YES;
				CLANG_WARN_EMPTY_BODY = YES;
				CLANG_WARN_ENUM_CONVERSION = YES;
				CLANG_WARN_INFINITE_RECURSION = YES;
				CLANG_WARN_INT_CONVERSION = YES;
				CLANG_WARN_NON_LITERAL_NULL_CONVERSION = YES;
				CLANG_WARN_OBJC_IMPLICIT_RETAIN_SELF = YES;
				CLANG_WARN_OBJC_LITERAL_CONVERSION = YES;
				CLANG_WARN_OBJC_ROOT_CLASS = YES_ERROR;
				CLANG_WARN_QUOTED_INCLUDE_IN_FRAMEWORK_HEADER = YES;
				CLANG_WARN_RANGE_LOOP_ANALYSIS = YES;
				CLANG_WARN_STRICT_PROTOTYPES = YES;
				CLANG_WARN_SUSPICIOUS_MOVE = YES;
				CLANG_WARN_UNGUARDED_AVAILABILITY = YES_AGGRESSIVE;
				CLANG_WARN_UNREACHABLE_CODE = YES;
				CLANG_WARN__DUPLICATE_METHOD_MATCH = YES;
				COPY_PHASE_STRIP = NO;
				DEBUG_INFORMATION_FORMAT = "dwarf-with-dsym";
				ENABLE_NS_ASSERTIONS = NO;
				ENABLE_STRICT_OBJC_MSGSEND = YES;
				GCC_C_LANGUAGE_STANDARD = gnu11;
				GCC_NO_COMMON_BLOCKS = YES;
				GCC_WARN_64_TO_32_BIT_CONVERSION = YES;
				GCC_WARN_ABOUT_RETURN_TYPE = YES_ERROR;
				GCC_WARN_UNDECLARED_SELECTOR = YES;
				GCC_WARN_UNINITIALIZED_AUTOS = YES_AGGRESSIVE;
				GCC_WARN_UNUSED_FUNCTION = YES;
				GCC_WARN_UNUSED_VARIABLE = YES;
				IPHONEOS_DEPLOYMENT_TARGET = 16.0;
				MTL_ENABLE_DEBUG_INFO = NO;
				MTL_FAST_MATH = YES;
				SDKROOT = iphoneos;
				SWIFT_COMPILATION_MODE = wholemodule;
				SWIFT_OPTIMIZATION_LEVEL = "-O";
				VALIDATE_PRODUCT = YES;
			};
			name = Release;
		};
		C1CCDED229011B0100FF4ECE /* Debug */ = {
			isa = XCBuildConfiguration;
			buildSettings = {
				ASSETCATALOG_COMPILER_APPICON_NAME = AppIcon;
				ASSETCATALOG_COMPILER_GLOBAL_ACCENT_COLOR_NAME = AccentColor;
				CODE_SIGN_STYLE = Automatic;
				CURRENT_PROJECT_VERSION = 1;
				DEVELOPMENT_TEAM = 54R3763M9G;
				GENERATE_INFOPLIST_FILE = YES;
				INFOPLIST_FILE = UnsplashProject/Info.plist;
				INFOPLIST_KEY_UIApplicationSupportsIndirectInputEvents = YES;
				INFOPLIST_KEY_UILaunchStoryboardName = LaunchScreen;
				INFOPLIST_KEY_UIMainStoryboardFile = Main;
				INFOPLIST_KEY_UISupportedInterfaceOrientations_iPad = "UIInterfaceOrientationPortrait UIInterfaceOrientationPortraitUpsideDown UIInterfaceOrientationLandscapeLeft UIInterfaceOrientationLandscapeRight";
				INFOPLIST_KEY_UISupportedInterfaceOrientations_iPhone = "UIInterfaceOrientationPortrait UIInterfaceOrientationLandscapeLeft UIInterfaceOrientationLandscapeRight";
				LD_RUNPATH_SEARCH_PATHS = (
					"$(inherited)",
					"@executable_path/Frameworks",
				);
				MARKETING_VERSION = 1.0;
				PRODUCT_BUNDLE_IDENTIFIER = com.skylerLee.UnsplashProject;
				PRODUCT_NAME = "$(TARGET_NAME)";
				SWIFT_EMIT_LOC_STRINGS = YES;
				SWIFT_VERSION = 5.0;
				TARGETED_DEVICE_FAMILY = "1,2";
			};
			name = Debug;
		};
		C1CCDED329011B0100FF4ECE /* Release */ = {
			isa = XCBuildConfiguration;
			buildSettings = {
				ASSETCATALOG_COMPILER_APPICON_NAME = AppIcon;
				ASSETCATALOG_COMPILER_GLOBAL_ACCENT_COLOR_NAME = AccentColor;
				CODE_SIGN_STYLE = Automatic;
				CURRENT_PROJECT_VERSION = 1;
				DEVELOPMENT_TEAM = 54R3763M9G;
				GENERATE_INFOPLIST_FILE = YES;
				INFOPLIST_FILE = UnsplashProject/Info.plist;
				INFOPLIST_KEY_UIApplicationSupportsIndirectInputEvents = YES;
				INFOPLIST_KEY_UILaunchStoryboardName = LaunchScreen;
				INFOPLIST_KEY_UIMainStoryboardFile = Main;
				INFOPLIST_KEY_UISupportedInterfaceOrientations_iPad = "UIInterfaceOrientationPortrait UIInterfaceOrientationPortraitUpsideDown UIInterfaceOrientationLandscapeLeft UIInterfaceOrientationLandscapeRight";
				INFOPLIST_KEY_UISupportedInterfaceOrientations_iPhone = "UIInterfaceOrientationPortrait UIInterfaceOrientationLandscapeLeft UIInterfaceOrientationLandscapeRight";
				LD_RUNPATH_SEARCH_PATHS = (
					"$(inherited)",
					"@executable_path/Frameworks",
				);
				MARKETING_VERSION = 1.0;
				PRODUCT_BUNDLE_IDENTIFIER = com.skylerLee.UnsplashProject;
				PRODUCT_NAME = "$(TARGET_NAME)";
				SWIFT_EMIT_LOC_STRINGS = YES;
				SWIFT_VERSION = 5.0;
				TARGETED_DEVICE_FAMILY = "1,2";
			};
			name = Release;
		};
/* End XCBuildConfiguration section */

/* Begin XCConfigurationList section */
		C1CCDEB829011B0100FF4ECE /* Build configuration list for PBXProject "UnsplashProject" */ = {
			isa = XCConfigurationList;
			buildConfigurations = (
				C1CCDECF29011B0100FF4ECE /* Debug */,
				C1CCDED029011B0100FF4ECE /* Release */,
			);
			defaultConfigurationIsVisible = 0;
			defaultConfigurationName = Release;
		};
		C1CCDED129011B0100FF4ECE /* Build configuration list for PBXNativeTarget "UnsplashProject" */ = {
			isa = XCConfigurationList;
			buildConfigurations = (
				C1CCDED229011B0100FF4ECE /* Debug */,
				C1CCDED329011B0100FF4ECE /* Release */,
			);
			defaultConfigurationIsVisible = 0;
			defaultConfigurationName = Release;
		};
/* End XCConfigurationList section */

/* Begin XCRemoteSwiftPackageReference section */
		C1440503290BBDC400F373A3 /* XCRemoteSwiftPackageReference "Alamofire" */ = {
			isa = XCRemoteSwiftPackageReference;
			repositoryURL = "https://github.com/Alamofire/Alamofire.git";
			requirement = {
				kind = upToNextMajorVersion;
				minimumVersion = 5.0.0;
			};
		};
		C1440506290BBDF600F373A3 /* XCRemoteSwiftPackageReference "Kingfisher" */ = {
			isa = XCRemoteSwiftPackageReference;
			repositoryURL = "https://github.com/onevcat/Kingfisher.git";
			requirement = {
				kind = upToNextMajorVersion;
				minimumVersion = 7.0.0;
			};
		};
		C1440509290BC93A00F373A3 /* XCRemoteSwiftPackageReference "SnapKit" */ = {
			isa = XCRemoteSwiftPackageReference;
			repositoryURL = "https://github.com/SnapKit/SnapKit.git";
			requirement = {
				kind = upToNextMajorVersion;
				minimumVersion = 5.0.0;
			};
		};
		C144050E290BDB8D00F373A3 /* XCRemoteSwiftPackageReference "SwiftyJSON" */ = {
			isa = XCRemoteSwiftPackageReference;
			repositoryURL = "https://github.com/SwiftyJSON/SwiftyJSON.git";
			requirement = {
				kind = upToNextMajorVersion;
				minimumVersion = 5.0.0;
			};
		};
		C1D6314B290F49C0002B7C02 /* XCRemoteSwiftPackageReference "RxSwift" */ = {
			isa = XCRemoteSwiftPackageReference;
			repositoryURL = "https://github.com/ReactiveX/RxSwift.git";
			requirement = {
				kind = upToNextMajorVersion;
				minimumVersion = 6.0.0;
			};
		};
/* End XCRemoteSwiftPackageReference section */

/* Begin XCSwiftPackageProductDependency section */
		C1440504290BBDC400F373A3 /* Alamofire */ = {
			isa = XCSwiftPackageProductDependency;
			package = C1440503290BBDC400F373A3 /* XCRemoteSwiftPackageReference "Alamofire" */;
			productName = Alamofire;
		};
		C1440507290BBDF600F373A3 /* Kingfisher */ = {
			isa = XCSwiftPackageProductDependency;
			package = C1440506290BBDF600F373A3 /* XCRemoteSwiftPackageReference "Kingfisher" */;
			productName = Kingfisher;
		};
		C144050A290BC93A00F373A3 /* SnapKit */ = {
			isa = XCSwiftPackageProductDependency;
			package = C1440509290BC93A00F373A3 /* XCRemoteSwiftPackageReference "SnapKit" */;
			productName = SnapKit;
		};
		C144050F290BDB8D00F373A3 /* SwiftyJSON */ = {
			isa = XCSwiftPackageProductDependency;
			package = C144050E290BDB8D00F373A3 /* XCRemoteSwiftPackageReference "SwiftyJSON" */;
			productName = SwiftyJSON;
		};
		C1D6314C290F49C0002B7C02 /* RxCocoa */ = {
			isa = XCSwiftPackageProductDependency;
			package = C1D6314B290F49C0002B7C02 /* XCRemoteSwiftPackageReference "RxSwift" */;
			productName = RxCocoa;
		};
		C1D6314E290F49C0002B7C02 /* RxSwift */ = {
			isa = XCSwiftPackageProductDependency;
			package = C1D6314B290F49C0002B7C02 /* XCRemoteSwiftPackageReference "RxSwift" */;
			productName = RxSwift;
		};
/* End XCSwiftPackageProductDependency section */
	};
	rootObject = C1CCDEB529011B0100FF4ECE /* Project object */;
}
